
Microsoft Visual Studio Solution File, Format Version 12.00
# Visual Studio Version 17
VisualStudioVersion = 17.4.33110.190
MinimumVisualStudioVersion = 10.0.40219.1
Project("{9A19103F-16F7-4668-BE54-9A1E7A4F7556}") = "UMF3", "UMF3\UMF3.csproj", "{71537F35-1154-4209-A1C1-943733228451}"
EndProject
Global
	GlobalSection(SolutionConfigurationPlatforms) = preSolution
		Debug|Any CPU = Debug|Any CPU
		Release|Any CPU = Release|Any CPU
	EndGlobalSection
	GlobalSection(ProjectConfigurationPlatforms) = postSolution
		{71537F35-1154-4209-A1C1-943733228451}.Debug|Any CPU.ActiveCfg = Debug|Any CPU
		{71537F35-1154-4209-A1C1-943733228451}.Debug|Any CPU.Build.0 = Debug|Any CPU
		{71537F35-1154-4209-A1C1-943733228451}.Release|Any CPU.ActiveCfg = Release|Any CPU
		{71537F35-1154-4209-A1C1-943733228451}.Release|Any CPU.Build.0 = Release|Any CPU
	EndGlobalSection
	GlobalSection(SolutionProperties) = preSolution
		HideSolutionNode = FALSE
	EndGlobalSection
	GlobalSection(ExtensibilityGlobals) = postSolution
		SolutionGuid = {0705AD31-C453-4F28-AF81-E9B6EDDD995C}
	EndGlobalSection
EndGlobal
